
Microsoft Visual Studio Solution File, Format Version 12.00
# Visual Studio Version 17
VisualStudioVersion = 17.11.35312.102
MinimumVisualStudioVersion = 10.0.40219.1
Project("{9A19103F-16F7-4668-BE54-9A1E7A4F7556}") = "TEC_10_Recursivo", "TEC_10_Recursivo.csproj", "{1805AD11-9212-4465-8B9F-0A3F22D58C7C}"
EndProject
Global
	GlobalSection(SolutionConfigurationPlatforms) = preSolution
		Debug|Any CPU = Debug|Any CPU
		Release|Any CPU = Release|Any CPU
	EndGlobalSection
	GlobalSection(ProjectConfigurationPlatforms) = postSolution
		{1805AD11-9212-4465-8B9F-0A3F22D58C7C}.Debug|Any CPU.ActiveCfg = Debug|Any CPU
		{1805AD11-9212-4465-8B9F-0A3F22D58C7C}.Debug|Any CPU.Build.0 = Debug|Any CPU
		{1805AD11-9212-4465-8B9F-0A3F22D58C7C}.Release|Any CPU.ActiveCfg = Release|Any CPU
		{1805AD11-9212-4465-8B9F-0A3F22D58C7C}.Release|Any CPU.Build.0 = Release|Any CPU
	EndGlobalSection
	GlobalSection(SolutionProperties) = preSolution
		HideSolutionNode = FALSE
	EndGlobalSection
	GlobalSection(ExtensibilityGlobals) = postSolution
		SolutionGuid = {46BF4264-F207-4CFC-A238-68536AB6C544}
	EndGlobalSection
EndGlobal
