
Microsoft Visual Studio Solution File, Format Version 12.00
# Visual Studio Version 17
VisualStudioVersion = 17.14.36127.28 d17.14
MinimumVisualStudioVersion = 10.0.40219.1
Project("{FAE04EC0-301F-11D3-BF4B-00C04F79EFBC}") = "TEC_Pila", "TEC_Pila.csproj", "{0F972F03-F0B1-4BFA-90E5-8795AB749B2B}"
EndProject
Global
	GlobalSection(SolutionConfigurationPlatforms) = preSolution
		Debug|Any CPU = Debug|Any CPU
		Release|Any CPU = Release|Any CPU
	EndGlobalSection
	GlobalSection(ProjectConfigurationPlatforms) = postSolution
		{0F972F03-F0B1-4BFA-90E5-8795AB749B2B}.Debug|Any CPU.ActiveCfg = Debug|Any CPU
		{0F972F03-F0B1-4BFA-90E5-8795AB749B2B}.Debug|Any CPU.Build.0 = Debug|Any CPU
		{0F972F03-F0B1-4BFA-90E5-8795AB749B2B}.Release|Any CPU.ActiveCfg = Release|Any CPU
		{0F972F03-F0B1-4BFA-90E5-8795AB749B2B}.Release|Any CPU.Build.0 = Release|Any CPU
	EndGlobalSection
	GlobalSection(SolutionProperties) = preSolution
		HideSolutionNode = FALSE
	EndGlobalSection
	GlobalSection(ExtensibilityGlobals) = postSolution
		SolutionGuid = {C875F16A-BC84-45A2-B558-62DBB01A2567}
	EndGlobalSection
EndGlobal
